
Microsoft Visual Studio Solution File, Format Version 12.00
# Visual Studio 15
VisualStudioVersion = 15.0.28307.779
MinimumVisualStudioVersion = 10.0.40219.1
Project("{8BC9CEB8-8B4A-11D0-8D11-00A0C91BC942}") = "JChatServer", "JChatServer\JChatServer.vcxproj", "{81E5D599-8548-45B5-A7E8-D9EF4EF65594}"
EndProject
Project("{8BC9CEB8-8B4A-11D0-8D11-00A0C91BC942}") = "JNetLib", "JNetLib\JNetLib.vcxproj", "{F05BADC9-2B3B-438A-B0A0-0BB850D4B28C}"
EndProject
Project("{FAE04EC0-301F-11D3-BF4B-00C04F79EFBC}") = "JClientBot", "JClientBot\JClientBot.csproj", "{03EA89A2-21A5-42A1-ABE3-612D3EFEBA36}"
EndProject
Project("{8BC9CEB8-8B4A-11D0-8D11-00A0C91BC942}") = "JLogger", "JLogger\JLogger.vcxproj", "{5869F8FC-1C59-4DEC-AD52-EA3F36458AC1}"
EndProject
Project("{8BC9CEB8-8B4A-11D0-8D11-00A0C91BC942}") = "JSharedLib", "JSharedLib\JSharedLib.vcxproj", "{EDF9129B-305D-418C-A654-86A33190F2AA}"
EndProject
Global
	GlobalSection(SolutionConfigurationPlatforms) = preSolution
		Debug|Any CPU = Debug|Any CPU
		Debug|x64 = Debug|x64
		Debug|x86 = Debug|x86
		Release|Any CPU = Release|Any CPU
		Release|x64 = Release|x64
		Release|x86 = Release|x86
	EndGlobalSection
	GlobalSection(ProjectConfigurationPlatforms) = postSolution
		{81E5D599-8548-45B5-A7E8-D9EF4EF65594}.Debug|Any CPU.ActiveCfg = Debug|Win32
		{81E5D599-8548-45B5-A7E8-D9EF4EF65594}.Debug|Any CPU.Build.0 = Debug|Win32
		{81E5D599-8548-45B5-A7E8-D9EF4EF65594}.Debug|x64.ActiveCfg = Debug|x64
		{81E5D599-8548-45B5-A7E8-D9EF4EF65594}.Debug|x64.Build.0 = Debug|x64
		{81E5D599-8548-45B5-A7E8-D9EF4EF65594}.Debug|x86.ActiveCfg = Debug|Win32
		{81E5D599-8548-45B5-A7E8-D9EF4EF65594}.Debug|x86.Build.0 = Debug|Win32
		{81E5D599-8548-45B5-A7E8-D9EF4EF65594}.Release|Any CPU.ActiveCfg = Release|Win32
		{81E5D599-8548-45B5-A7E8-D9EF4EF65594}.Release|Any CPU.Build.0 = Release|Win32
		{81E5D599-8548-45B5-A7E8-D9EF4EF65594}.Release|x64.ActiveCfg = Release|x64
		{81E5D599-8548-45B5-A7E8-D9EF4EF65594}.Release|x64.Build.0 = Release|x64
		{81E5D599-8548-45B5-A7E8-D9EF4EF65594}.Release|x86.ActiveCfg = Release|Win32
		{81E5D599-8548-45B5-A7E8-D9EF4EF65594}.Release|x86.Build.0 = Release|Win32
		{F05BADC9-2B3B-438A-B0A0-0BB850D4B28C}.Debug|Any CPU.ActiveCfg = Debug|Win32
		{F05BADC9-2B3B-438A-B0A0-0BB850D4B28C}.Debug|Any CPU.Build.0 = Debug|Win32
		{F05BADC9-2B3B-438A-B0A0-0BB850D4B28C}.Debug|x64.ActiveCfg = Debug|x64
		{F05BADC9-2B3B-438A-B0A0-0BB850D4B28C}.Debug|x64.Build.0 = Debug|x64
		{F05BADC9-2B3B-438A-B0A0-0BB850D4B28C}.Debug|x86.ActiveCfg = Debug|Win32
		{F05BADC9-2B3B-438A-B0A0-0BB850D4B28C}.Debug|x86.Build.0 = Debug|Win32
		{F05BADC9-2B3B-438A-B0A0-0BB850D4B28C}.Release|Any CPU.ActiveCfg = Release|Win32
		{F05BADC9-2B3B-438A-B0A0-0BB850D4B28C}.Release|Any CPU.Build.0 = Release|Win32
		{F05BADC9-2B3B-438A-B0A0-0BB850D4B28C}.Release|x64.ActiveCfg = Release|x64
		{F05BADC9-2B3B-438A-B0A0-0BB850D4B28C}.Release|x64.Build.0 = Release|x64
		{F05BADC9-2B3B-438A-B0A0-0BB850D4B28C}.Release|x86.ActiveCfg = Release|Win32
		{F05BADC9-2B3B-438A-B0A0-0BB850D4B28C}.Release|x86.Build.0 = Release|Win32
		{03EA89A2-21A5-42A1-ABE3-612D3EFEBA36}.Debug|Any CPU.ActiveCfg = Debug|Any CPU
		{03EA89A2-21A5-42A1-ABE3-612D3EFEBA36}.Debug|Any CPU.Build.0 = Debug|Any CPU
		{03EA89A2-21A5-42A1-ABE3-612D3EFEBA36}.Debug|x64.ActiveCfg = Debug|Any CPU
		{03EA89A2-21A5-42A1-ABE3-612D3EFEBA36}.Debug|x64.Build.0 = Debug|Any CPU
		{03EA89A2-21A5-42A1-ABE3-612D3EFEBA36}.Debug|x86.ActiveCfg = Debug|Any CPU
		{03EA89A2-21A5-42A1-ABE3-612D3EFEBA36}.Debug|x86.Build.0 = Debug|Any CPU
		{03EA89A2-21A5-42A1-ABE3-612D3EFEBA36}.Release|Any CPU.ActiveCfg = Release|Any CPU
		{03EA89A2-21A5-42A1-ABE3-612D3EFEBA36}.Release|Any CPU.Build.0 = Release|Any CPU
		{03EA89A2-21A5-42A1-ABE3-612D3EFEBA36}.Release|x64.ActiveCfg = Release|Any CPU
		{03EA89A2-21A5-42A1-ABE3-612D3EFEBA36}.Release|x64.Build.0 = Release|Any CPU
		{03EA89A2-21A5-42A1-ABE3-612D3EFEBA36}.Release|x86.ActiveCfg = Release|Any CPU
		{03EA89A2-21A5-42A1-ABE3-612D3EFEBA36}.Release|x86.Build.0 = Release|Any CPU
		{5869F8FC-1C59-4DEC-AD52-EA3F36458AC1}.Debug|Any CPU.ActiveCfg = Debug|Win32
		{5869F8FC-1C59-4DEC-AD52-EA3F36458AC1}.Debug|x64.ActiveCfg = Debug|x64
		{5869F8FC-1C59-4DEC-AD52-EA3F36458AC1}.Debug|x64.Build.0 = Debug|x64
		{5869F8FC-1C59-4DEC-AD52-EA3F36458AC1}.Debug|x86.ActiveCfg = Debug|Win32
		{5869F8FC-1C59-4DEC-AD52-EA3F36458AC1}.Debug|x86.Build.0 = Debug|Win32
		{5869F8FC-1C59-4DEC-AD52-EA3F36458AC1}.Release|Any CPU.ActiveCfg = Release|Win32
		{5869F8FC-1C59-4DEC-AD52-EA3F36458AC1}.Release|x64.ActiveCfg = Release|x64
		{5869F8FC-1C59-4DEC-AD52-EA3F36458AC1}.Release|x64.Build.0 = Release|x64
		{5869F8FC-1C59-4DEC-AD52-EA3F36458AC1}.Release|x86.ActiveCfg = Release|Win32
		{5869F8FC-1C59-4DEC-AD52-EA3F36458AC1}.Release|x86.Build.0 = Release|Win32
		{EDF9129B-305D-418C-A654-86A33190F2AA}.Debug|Any CPU.ActiveCfg = Debug|Win32
		{EDF9129B-305D-418C-A654-86A33190F2AA}.Debug|x64.ActiveCfg = Debug|x64
		{EDF9129B-305D-418C-A654-86A33190F2AA}.Debug|x64.Build.0 = Debug|x64
		{EDF9129B-305D-418C-A654-86A33190F2AA}.Debug|x86.ActiveCfg = Debug|Win32
		{EDF9129B-305D-418C-A654-86A33190F2AA}.Debug|x86.Build.0 = Debug|Win32
		{EDF9129B-305D-418C-A654-86A33190F2AA}.Release|Any CPU.ActiveCfg = Release|Win32
		{EDF9129B-305D-418C-A654-86A33190F2AA}.Release|x64.ActiveCfg = Release|x64
		{EDF9129B-305D-418C-A654-86A33190F2AA}.Release|x64.Build.0 = Release|x64
		{EDF9129B-305D-418C-A654-86A33190F2AA}.Release|x86.ActiveCfg = Release|Win32
		{EDF9129B-305D-418C-A654-86A33190F2AA}.Release|x86.Build.0 = Release|Win32
	EndGlobalSection
	GlobalSection(SolutionProperties) = preSolution
		HideSolutionNode = FALSE
	EndGlobalSection
	GlobalSection(ExtensibilityGlobals) = postSolution
		SolutionGuid = {A22A6F57-73F6-439B-8FE0-D0DE4D40EA46}
	EndGlobalSection
EndGlobal
