
Microsoft Visual Studio Solution File, Format Version 12.00
# Visual Studio 15
VisualStudioVersion = 15.0.28307.779
MinimumVisualStudioVersion = 10.0.40219.1
Project("{8BC9CEB8-8B4A-11D0-8D11-00A0C91BC942}") = "JChatServer", "JChatServer\JChatServer.vcxproj", "{81E5D599-8548-45B5-A7E8-D9EF4EF65594}"
	ProjectSection(ProjectDependencies) = postProject
		{EC02CB89-1BB4-429C-BADB-B9F0995D085E} = {EC02CB89-1BB4-429C-BADB-B9F0995D085E}
		{EDF9129B-305D-418C-A654-86A33190F2AA} = {EDF9129B-305D-418C-A654-86A33190F2AA}
		{F05BADC9-2B3B-438A-B0A0-0BB850D4B28C} = {F05BADC9-2B3B-438A-B0A0-0BB850D4B28C}
		{5869F8FC-1C59-4DEC-AD52-EA3F36458AC1} = {5869F8FC-1C59-4DEC-AD52-EA3F36458AC1}
	EndProjectSection
EndProject
Project("{8BC9CEB8-8B4A-11D0-8D11-00A0C91BC942}") = "JNetLib", "JNetLib\JNetLib.vcxproj", "{F05BADC9-2B3B-438A-B0A0-0BB850D4B28C}"
EndProject
Project("{FAE04EC0-301F-11D3-BF4B-00C04F79EFBC}") = "JClientBot", "JClientBot\JClientBot.csproj", "{03EA89A2-21A5-42A1-ABE3-612D3EFEBA36}"
EndProject
Project("{8BC9CEB8-8B4A-11D0-8D11-00A0C91BC942}") = "JLogger", "JLogger\JLogger.vcxproj", "{5869F8FC-1C59-4DEC-AD52-EA3F36458AC1}"
EndProject
Project("{8BC9CEB8-8B4A-11D0-8D11-00A0C91BC942}") = "JSharedLib", "JSharedLib\JSharedLib.vcxproj", "{EDF9129B-305D-418C-A654-86A33190F2AA}"
EndProject
Project("{8BC9CEB8-8B4A-11D0-8D11-00A0C91BC942}") = "JServerLib", "JServerLib\JServerLib.vcxproj", "{EC02CB89-1BB4-429C-BADB-B9F0995D085E}"
EndProject
Project("{8BC9CEB8-8B4A-11D0-8D11-00A0C91BC942}") = "JServerLib_Test", "JServerLib_Test\JServerLib_Test.vcxproj", "{34E64F1B-FA7B-4F0C-BCC2-48DED72891C5}"
EndProject
Project("{8BC9CEB8-8B4A-11D0-8D11-00A0C91BC942}") = "JWorld", "JWorld\JWorld.vcxproj", "{40FB8BD4-AA0B-4CF8-8C93-A94E2C7E39F5}"
EndProject
Project("{8BC9CEB8-8B4A-11D0-8D11-00A0C91BC942}") = "JDBLib", "JDBLib\JDBLib.vcxproj", "{A424E0CB-D3EB-4487-B079-5CB258AC3981}"
EndProject
Project("{8BC9CEB8-8B4A-11D0-8D11-00A0C91BC942}") = "JDBLib_Test", "JDBLib_Test\JDBLib_Test.vcxproj", "{51C356E1-509E-472D-A807-434CCE0BEC54}"
EndProject
Project("{8BC9CEB8-8B4A-11D0-8D11-00A0C91BC942}") = "JSharedLib_Test", "JSharedLib_Test\JSharedLib_Test.vcxproj", "{3F29538C-6BAA-47B8-A620-95C35E00192B}"
EndProject
Global
	GlobalSection(SolutionConfigurationPlatforms) = preSolution
		Debug|Any CPU = Debug|Any CPU
		Debug|ARM = Debug|ARM
		Debug|ARM64 = Debug|ARM64
		Debug|x64 = Debug|x64
		Debug|x86 = Debug|x86
		Release|Any CPU = Release|Any CPU
		Release|ARM = Release|ARM
		Release|ARM64 = Release|ARM64
		Release|x64 = Release|x64
		Release|x86 = Release|x86
	EndGlobalSection
	GlobalSection(ProjectConfigurationPlatforms) = postSolution
		{81E5D599-8548-45B5-A7E8-D9EF4EF65594}.Debug|Any CPU.ActiveCfg = Debug|Win32
		{81E5D599-8548-45B5-A7E8-D9EF4EF65594}.Debug|Any CPU.Build.0 = Debug|Win32
		{81E5D599-8548-45B5-A7E8-D9EF4EF65594}.Debug|ARM.ActiveCfg = Debug|Win32
		{81E5D599-8548-45B5-A7E8-D9EF4EF65594}.Debug|ARM64.ActiveCfg = Debug|Win32
		{81E5D599-8548-45B5-A7E8-D9EF4EF65594}.Debug|x64.ActiveCfg = Debug|x64
		{81E5D599-8548-45B5-A7E8-D9EF4EF65594}.Debug|x64.Build.0 = Debug|x64
		{81E5D599-8548-45B5-A7E8-D9EF4EF65594}.Debug|x86.ActiveCfg = Debug|Win32
		{81E5D599-8548-45B5-A7E8-D9EF4EF65594}.Debug|x86.Build.0 = Debug|Win32
		{81E5D599-8548-45B5-A7E8-D9EF4EF65594}.Release|Any CPU.ActiveCfg = Release|Win32
		{81E5D599-8548-45B5-A7E8-D9EF4EF65594}.Release|Any CPU.Build.0 = Release|Win32
		{81E5D599-8548-45B5-A7E8-D9EF4EF65594}.Release|ARM.ActiveCfg = Release|Win32
		{81E5D599-8548-45B5-A7E8-D9EF4EF65594}.Release|ARM64.ActiveCfg = Release|Win32
		{81E5D599-8548-45B5-A7E8-D9EF4EF65594}.Release|x64.ActiveCfg = Release|x64
		{81E5D599-8548-45B5-A7E8-D9EF4EF65594}.Release|x64.Build.0 = Release|x64
		{81E5D599-8548-45B5-A7E8-D9EF4EF65594}.Release|x86.ActiveCfg = Release|Win32
		{81E5D599-8548-45B5-A7E8-D9EF4EF65594}.Release|x86.Build.0 = Release|Win32
		{F05BADC9-2B3B-438A-B0A0-0BB850D4B28C}.Debug|Any CPU.ActiveCfg = Debug|Win32
		{F05BADC9-2B3B-438A-B0A0-0BB850D4B28C}.Debug|Any CPU.Build.0 = Debug|Win32
		{F05BADC9-2B3B-438A-B0A0-0BB850D4B28C}.Debug|ARM.ActiveCfg = Debug|Win32
		{F05BADC9-2B3B-438A-B0A0-0BB850D4B28C}.Debug|ARM64.ActiveCfg = Debug|Win32
		{F05BADC9-2B3B-438A-B0A0-0BB850D4B28C}.Debug|x64.ActiveCfg = Debug|x64
		{F05BADC9-2B3B-438A-B0A0-0BB850D4B28C}.Debug|x64.Build.0 = Debug|x64
		{F05BADC9-2B3B-438A-B0A0-0BB850D4B28C}.Debug|x86.ActiveCfg = Debug|Win32
		{F05BADC9-2B3B-438A-B0A0-0BB850D4B28C}.Debug|x86.Build.0 = Debug|Win32
		{F05BADC9-2B3B-438A-B0A0-0BB850D4B28C}.Release|Any CPU.ActiveCfg = Release|Win32
		{F05BADC9-2B3B-438A-B0A0-0BB850D4B28C}.Release|Any CPU.Build.0 = Release|Win32
		{F05BADC9-2B3B-438A-B0A0-0BB850D4B28C}.Release|ARM.ActiveCfg = Release|Win32
		{F05BADC9-2B3B-438A-B0A0-0BB850D4B28C}.Release|ARM64.ActiveCfg = Release|Win32
		{F05BADC9-2B3B-438A-B0A0-0BB850D4B28C}.Release|x64.ActiveCfg = Release|x64
		{F05BADC9-2B3B-438A-B0A0-0BB850D4B28C}.Release|x64.Build.0 = Release|x64
		{F05BADC9-2B3B-438A-B0A0-0BB850D4B28C}.Release|x86.ActiveCfg = Release|Win32
		{F05BADC9-2B3B-438A-B0A0-0BB850D4B28C}.Release|x86.Build.0 = Release|Win32
		{03EA89A2-21A5-42A1-ABE3-612D3EFEBA36}.Debug|Any CPU.ActiveCfg = Debug|Any CPU
		{03EA89A2-21A5-42A1-ABE3-612D3EFEBA36}.Debug|Any CPU.Build.0 = Debug|Any CPU
		{03EA89A2-21A5-42A1-ABE3-612D3EFEBA36}.Debug|ARM.ActiveCfg = Debug|Any CPU
		{03EA89A2-21A5-42A1-ABE3-612D3EFEBA36}.Debug|ARM.Build.0 = Debug|Any CPU
		{03EA89A2-21A5-42A1-ABE3-612D3EFEBA36}.Debug|ARM64.ActiveCfg = Debug|Any CPU
		{03EA89A2-21A5-42A1-ABE3-612D3EFEBA36}.Debug|ARM64.Build.0 = Debug|Any CPU
		{03EA89A2-21A5-42A1-ABE3-612D3EFEBA36}.Debug|x64.ActiveCfg = Debug|Any CPU
		{03EA89A2-21A5-42A1-ABE3-612D3EFEBA36}.Debug|x64.Build.0 = Debug|Any CPU
		{03EA89A2-21A5-42A1-ABE3-612D3EFEBA36}.Debug|x86.ActiveCfg = Debug|Any CPU
		{03EA89A2-21A5-42A1-ABE3-612D3EFEBA36}.Debug|x86.Build.0 = Debug|Any CPU
		{03EA89A2-21A5-42A1-ABE3-612D3EFEBA36}.Release|Any CPU.ActiveCfg = Release|Any CPU
		{03EA89A2-21A5-42A1-ABE3-612D3EFEBA36}.Release|Any CPU.Build.0 = Release|Any CPU
		{03EA89A2-21A5-42A1-ABE3-612D3EFEBA36}.Release|ARM.ActiveCfg = Release|Any CPU
		{03EA89A2-21A5-42A1-ABE3-612D3EFEBA36}.Release|ARM.Build.0 = Release|Any CPU
		{03EA89A2-21A5-42A1-ABE3-612D3EFEBA36}.Release|ARM64.ActiveCfg = Release|Any CPU
		{03EA89A2-21A5-42A1-ABE3-612D3EFEBA36}.Release|ARM64.Build.0 = Release|Any CPU
		{03EA89A2-21A5-42A1-ABE3-612D3EFEBA36}.Release|x64.ActiveCfg = Release|Any CPU
		{03EA89A2-21A5-42A1-ABE3-612D3EFEBA36}.Release|x64.Build.0 = Release|Any CPU
		{03EA89A2-21A5-42A1-ABE3-612D3EFEBA36}.Release|x86.ActiveCfg = Release|Any CPU
		{03EA89A2-21A5-42A1-ABE3-612D3EFEBA36}.Release|x86.Build.0 = Release|Any CPU
		{5869F8FC-1C59-4DEC-AD52-EA3F36458AC1}.Debug|Any CPU.ActiveCfg = Debug|Win32
		{5869F8FC-1C59-4DEC-AD52-EA3F36458AC1}.Debug|ARM.ActiveCfg = Debug|Win32
		{5869F8FC-1C59-4DEC-AD52-EA3F36458AC1}.Debug|ARM64.ActiveCfg = Debug|Win32
		{5869F8FC-1C59-4DEC-AD52-EA3F36458AC1}.Debug|x64.ActiveCfg = Debug|x64
		{5869F8FC-1C59-4DEC-AD52-EA3F36458AC1}.Debug|x64.Build.0 = Debug|x64
		{5869F8FC-1C59-4DEC-AD52-EA3F36458AC1}.Debug|x86.ActiveCfg = Debug|Win32
		{5869F8FC-1C59-4DEC-AD52-EA3F36458AC1}.Debug|x86.Build.0 = Debug|Win32
		{5869F8FC-1C59-4DEC-AD52-EA3F36458AC1}.Release|Any CPU.ActiveCfg = Release|Win32
		{5869F8FC-1C59-4DEC-AD52-EA3F36458AC1}.Release|ARM.ActiveCfg = Release|Win32
		{5869F8FC-1C59-4DEC-AD52-EA3F36458AC1}.Release|ARM64.ActiveCfg = Release|Win32
		{5869F8FC-1C59-4DEC-AD52-EA3F36458AC1}.Release|x64.ActiveCfg = Release|x64
		{5869F8FC-1C59-4DEC-AD52-EA3F36458AC1}.Release|x64.Build.0 = Release|x64
		{5869F8FC-1C59-4DEC-AD52-EA3F36458AC1}.Release|x86.ActiveCfg = Release|Win32
		{5869F8FC-1C59-4DEC-AD52-EA3F36458AC1}.Release|x86.Build.0 = Release|Win32
		{EDF9129B-305D-418C-A654-86A33190F2AA}.Debug|Any CPU.ActiveCfg = Debug|Win32
		{EDF9129B-305D-418C-A654-86A33190F2AA}.Debug|ARM.ActiveCfg = Debug|Win32
		{EDF9129B-305D-418C-A654-86A33190F2AA}.Debug|ARM64.ActiveCfg = Debug|Win32
		{EDF9129B-305D-418C-A654-86A33190F2AA}.Debug|x64.ActiveCfg = Debug|x64
		{EDF9129B-305D-418C-A654-86A33190F2AA}.Debug|x64.Build.0 = Debug|x64
		{EDF9129B-305D-418C-A654-86A33190F2AA}.Debug|x86.ActiveCfg = Debug|Win32
		{EDF9129B-305D-418C-A654-86A33190F2AA}.Debug|x86.Build.0 = Debug|Win32
		{EDF9129B-305D-418C-A654-86A33190F2AA}.Release|Any CPU.ActiveCfg = Release|Win32
		{EDF9129B-305D-418C-A654-86A33190F2AA}.Release|ARM.ActiveCfg = Release|Win32
		{EDF9129B-305D-418C-A654-86A33190F2AA}.Release|ARM64.ActiveCfg = Release|Win32
		{EDF9129B-305D-418C-A654-86A33190F2AA}.Release|x64.ActiveCfg = Release|x64
		{EDF9129B-305D-418C-A654-86A33190F2AA}.Release|x64.Build.0 = Release|x64
		{EDF9129B-305D-418C-A654-86A33190F2AA}.Release|x86.ActiveCfg = Release|Win32
		{EDF9129B-305D-418C-A654-86A33190F2AA}.Release|x86.Build.0 = Release|Win32
		{EC02CB89-1BB4-429C-BADB-B9F0995D085E}.Debug|Any CPU.ActiveCfg = Debug|Win32
		{EC02CB89-1BB4-429C-BADB-B9F0995D085E}.Debug|ARM.ActiveCfg = Debug|Win32
		{EC02CB89-1BB4-429C-BADB-B9F0995D085E}.Debug|ARM64.ActiveCfg = Debug|Win32
		{EC02CB89-1BB4-429C-BADB-B9F0995D085E}.Debug|x64.ActiveCfg = Debug|x64
		{EC02CB89-1BB4-429C-BADB-B9F0995D085E}.Debug|x64.Build.0 = Debug|x64
		{EC02CB89-1BB4-429C-BADB-B9F0995D085E}.Debug|x86.ActiveCfg = Debug|Win32
		{EC02CB89-1BB4-429C-BADB-B9F0995D085E}.Debug|x86.Build.0 = Debug|Win32
		{EC02CB89-1BB4-429C-BADB-B9F0995D085E}.Release|Any CPU.ActiveCfg = Release|Win32
		{EC02CB89-1BB4-429C-BADB-B9F0995D085E}.Release|ARM.ActiveCfg = Release|Win32
		{EC02CB89-1BB4-429C-BADB-B9F0995D085E}.Release|ARM64.ActiveCfg = Release|Win32
		{EC02CB89-1BB4-429C-BADB-B9F0995D085E}.Release|x64.ActiveCfg = Release|x64
		{EC02CB89-1BB4-429C-BADB-B9F0995D085E}.Release|x64.Build.0 = Release|x64
		{EC02CB89-1BB4-429C-BADB-B9F0995D085E}.Release|x86.ActiveCfg = Release|Win32
		{EC02CB89-1BB4-429C-BADB-B9F0995D085E}.Release|x86.Build.0 = Release|Win32
		{34E64F1B-FA7B-4F0C-BCC2-48DED72891C5}.Debug|Any CPU.ActiveCfg = Debug|Win32
		{34E64F1B-FA7B-4F0C-BCC2-48DED72891C5}.Debug|ARM.ActiveCfg = Debug|Win32
		{34E64F1B-FA7B-4F0C-BCC2-48DED72891C5}.Debug|ARM64.ActiveCfg = Debug|Win32
		{34E64F1B-FA7B-4F0C-BCC2-48DED72891C5}.Debug|x64.ActiveCfg = Debug|x64
		{34E64F1B-FA7B-4F0C-BCC2-48DED72891C5}.Debug|x64.Build.0 = Debug|x64
		{34E64F1B-FA7B-4F0C-BCC2-48DED72891C5}.Debug|x86.ActiveCfg = Debug|Win32
		{34E64F1B-FA7B-4F0C-BCC2-48DED72891C5}.Debug|x86.Build.0 = Debug|Win32
		{34E64F1B-FA7B-4F0C-BCC2-48DED72891C5}.Release|Any CPU.ActiveCfg = Release|Win32
		{34E64F1B-FA7B-4F0C-BCC2-48DED72891C5}.Release|ARM.ActiveCfg = Release|Win32
		{34E64F1B-FA7B-4F0C-BCC2-48DED72891C5}.Release|ARM64.ActiveCfg = Release|Win32
		{34E64F1B-FA7B-4F0C-BCC2-48DED72891C5}.Release|x64.ActiveCfg = Release|x64
		{34E64F1B-FA7B-4F0C-BCC2-48DED72891C5}.Release|x64.Build.0 = Release|x64
		{34E64F1B-FA7B-4F0C-BCC2-48DED72891C5}.Release|x86.ActiveCfg = Release|Win32
		{34E64F1B-FA7B-4F0C-BCC2-48DED72891C5}.Release|x86.Build.0 = Release|Win32
		{40FB8BD4-AA0B-4CF8-8C93-A94E2C7E39F5}.Debug|Any CPU.ActiveCfg = Debug|Win32
		{40FB8BD4-AA0B-4CF8-8C93-A94E2C7E39F5}.Debug|ARM.ActiveCfg = Debug|Win32
		{40FB8BD4-AA0B-4CF8-8C93-A94E2C7E39F5}.Debug|ARM64.ActiveCfg = Debug|Win32
		{40FB8BD4-AA0B-4CF8-8C93-A94E2C7E39F5}.Debug|x64.ActiveCfg = Debug|x64
		{40FB8BD4-AA0B-4CF8-8C93-A94E2C7E39F5}.Debug|x64.Build.0 = Debug|x64
		{40FB8BD4-AA0B-4CF8-8C93-A94E2C7E39F5}.Debug|x86.ActiveCfg = Debug|Win32
		{40FB8BD4-AA0B-4CF8-8C93-A94E2C7E39F5}.Debug|x86.Build.0 = Debug|Win32
		{40FB8BD4-AA0B-4CF8-8C93-A94E2C7E39F5}.Release|Any CPU.ActiveCfg = Release|Win32
		{40FB8BD4-AA0B-4CF8-8C93-A94E2C7E39F5}.Release|ARM.ActiveCfg = Release|Win32
		{40FB8BD4-AA0B-4CF8-8C93-A94E2C7E39F5}.Release|ARM64.ActiveCfg = Release|Win32
		{40FB8BD4-AA0B-4CF8-8C93-A94E2C7E39F5}.Release|x64.ActiveCfg = Release|x64
		{40FB8BD4-AA0B-4CF8-8C93-A94E2C7E39F5}.Release|x64.Build.0 = Release|x64
		{40FB8BD4-AA0B-4CF8-8C93-A94E2C7E39F5}.Release|x86.ActiveCfg = Release|Win32
		{40FB8BD4-AA0B-4CF8-8C93-A94E2C7E39F5}.Release|x86.Build.0 = Release|Win32
		{A424E0CB-D3EB-4487-B079-5CB258AC3981}.Debug|Any CPU.ActiveCfg = Debug|Win32
		{A424E0CB-D3EB-4487-B079-5CB258AC3981}.Debug|ARM.ActiveCfg = Debug|Win32
		{A424E0CB-D3EB-4487-B079-5CB258AC3981}.Debug|ARM64.ActiveCfg = Debug|Win32
		{A424E0CB-D3EB-4487-B079-5CB258AC3981}.Debug|x64.ActiveCfg = Debug|x64
		{A424E0CB-D3EB-4487-B079-5CB258AC3981}.Debug|x64.Build.0 = Debug|x64
		{A424E0CB-D3EB-4487-B079-5CB258AC3981}.Debug|x86.ActiveCfg = Debug|Win32
		{A424E0CB-D3EB-4487-B079-5CB258AC3981}.Debug|x86.Build.0 = Debug|Win32
		{A424E0CB-D3EB-4487-B079-5CB258AC3981}.Release|Any CPU.ActiveCfg = Release|Win32
		{A424E0CB-D3EB-4487-B079-5CB258AC3981}.Release|ARM.ActiveCfg = Release|Win32
		{A424E0CB-D3EB-4487-B079-5CB258AC3981}.Release|ARM64.ActiveCfg = Release|Win32
		{A424E0CB-D3EB-4487-B079-5CB258AC3981}.Release|x64.ActiveCfg = Release|x64
		{A424E0CB-D3EB-4487-B079-5CB258AC3981}.Release|x64.Build.0 = Release|x64
		{A424E0CB-D3EB-4487-B079-5CB258AC3981}.Release|x86.ActiveCfg = Release|Win32
		{A424E0CB-D3EB-4487-B079-5CB258AC3981}.Release|x86.Build.0 = Release|Win32
		{51C356E1-509E-472D-A807-434CCE0BEC54}.Debug|Any CPU.ActiveCfg = Debug|Win32
		{51C356E1-509E-472D-A807-434CCE0BEC54}.Debug|ARM.ActiveCfg = Debug|Win32
		{51C356E1-509E-472D-A807-434CCE0BEC54}.Debug|ARM64.ActiveCfg = Debug|Win32
		{51C356E1-509E-472D-A807-434CCE0BEC54}.Debug|x64.ActiveCfg = Debug|x64
		{51C356E1-509E-472D-A807-434CCE0BEC54}.Debug|x64.Build.0 = Debug|x64
		{51C356E1-509E-472D-A807-434CCE0BEC54}.Debug|x86.ActiveCfg = Debug|Win32
		{51C356E1-509E-472D-A807-434CCE0BEC54}.Debug|x86.Build.0 = Debug|Win32
		{51C356E1-509E-472D-A807-434CCE0BEC54}.Release|Any CPU.ActiveCfg = Release|Win32
		{51C356E1-509E-472D-A807-434CCE0BEC54}.Release|ARM.ActiveCfg = Release|Win32
		{51C356E1-509E-472D-A807-434CCE0BEC54}.Release|ARM64.ActiveCfg = Release|Win32
		{51C356E1-509E-472D-A807-434CCE0BEC54}.Release|x64.ActiveCfg = Release|x64
		{51C356E1-509E-472D-A807-434CCE0BEC54}.Release|x64.Build.0 = Release|x64
		{51C356E1-509E-472D-A807-434CCE0BEC54}.Release|x86.ActiveCfg = Release|Win32
		{51C356E1-509E-472D-A807-434CCE0BEC54}.Release|x86.Build.0 = Release|Win32
		{3F29538C-6BAA-47B8-A620-95C35E00192B}.Debug|Any CPU.ActiveCfg = Debug|Win32
		{3F29538C-6BAA-47B8-A620-95C35E00192B}.Debug|ARM.ActiveCfg = Debug|Win32
		{3F29538C-6BAA-47B8-A620-95C35E00192B}.Debug|ARM64.ActiveCfg = Debug|Win32
		{3F29538C-6BAA-47B8-A620-95C35E00192B}.Debug|x64.ActiveCfg = Debug|x64
		{3F29538C-6BAA-47B8-A620-95C35E00192B}.Debug|x64.Build.0 = Debug|x64
		{3F29538C-6BAA-47B8-A620-95C35E00192B}.Debug|x86.ActiveCfg = Debug|Win32
		{3F29538C-6BAA-47B8-A620-95C35E00192B}.Debug|x86.Build.0 = Debug|Win32
		{3F29538C-6BAA-47B8-A620-95C35E00192B}.Release|Any CPU.ActiveCfg = Release|Win32
		{3F29538C-6BAA-47B8-A620-95C35E00192B}.Release|ARM.ActiveCfg = Release|Win32
		{3F29538C-6BAA-47B8-A620-95C35E00192B}.Release|ARM64.ActiveCfg = Release|Win32
		{3F29538C-6BAA-47B8-A620-95C35E00192B}.Release|x64.ActiveCfg = Release|x64
		{3F29538C-6BAA-47B8-A620-95C35E00192B}.Release|x64.Build.0 = Release|x64
		{3F29538C-6BAA-47B8-A620-95C35E00192B}.Release|x86.ActiveCfg = Release|Win32
		{3F29538C-6BAA-47B8-A620-95C35E00192B}.Release|x86.Build.0 = Release|Win32
	EndGlobalSection
	GlobalSection(SolutionProperties) = preSolution
		HideSolutionNode = FALSE
	EndGlobalSection
	GlobalSection(ExtensibilityGlobals) = postSolution
		SolutionGuid = {A22A6F57-73F6-439B-8FE0-D0DE4D40EA46}
	EndGlobalSection
EndGlobal
